
Microsoft Visual Studio Solution File, Format Version 12.00
# Visual Studio 2012
Project("{FAE04EC0-301F-11D3-BF4B-00C04F79EFBC}") = "testProject", "testProject\testProject.csproj", "{3A9585D3-E988-4315-9B7E-5759FAF6F0C9}"
EndProject
Project("{FAE04EC0-301F-11D3-BF4B-00C04F79EFBC}") = "testProject.Tests", "testProject.Tests\testProject.Tests.csproj", "{1F9956AD-E2B5-438A-8293-A12132012C07}"
EndProject
Global
	GlobalSection(SolutionConfigurationPlatforms) = preSolution
		Debug|Any CPU = Debug|Any CPU
		Release|Any CPU = Release|Any CPU
	EndGlobalSection
	GlobalSection(ProjectConfigurationPlatforms) = postSolution
		{3A9585D3-E988-4315-9B7E-5759FAF6F0C9}.Debug|Any CPU.ActiveCfg = Debug|Any CPU
		{3A9585D3-E988-4315-9B7E-5759FAF6F0C9}.Debug|Any CPU.Build.0 = Debug|Any CPU
		{3A9585D3-E988-4315-9B7E-5759FAF6F0C9}.Release|Any CPU.ActiveCfg = Release|Any CPU
		{3A9585D3-E988-4315-9B7E-5759FAF6F0C9}.Release|Any CPU.Build.0 = Release|Any CPU
		{1F9956AD-E2B5-438A-8293-A12132012C07}.Debug|Any CPU.ActiveCfg = Debug|Any CPU
		{1F9956AD-E2B5-438A-8293-A12132012C07}.Debug|Any CPU.Build.0 = Debug|Any CPU
		{1F9956AD-E2B5-438A-8293-A12132012C07}.Release|Any CPU.ActiveCfg = Release|Any CPU
		{1F9956AD-E2B5-438A-8293-A12132012C07}.Release|Any CPU.Build.0 = Release|Any CPU
	EndGlobalSection
EndGlobal
